
Microsoft Visual Studio Solution File, Format Version 12.00
# Visual Studio 15
VisualStudioVersion = 15.0.28010.2048
MinimumVisualStudioVersion = 10.0.40219.1
Project("{FAE04EC0-301F-11D3-BF4B-00C04F79EFBC}") = "CECS475LabAssignment9Part3", "CECS475LabAssignment9Part3\CECS475LabAssignment9Part3.csproj", "{A7EEFF2A-BC1F-4C2B-B6AC-4D7D52485013}"
EndProject
Project("{FAE04EC0-301F-11D3-BF4B-00C04F79EFBC}") = "CECS475LabAssignment9Part3.Tests", "CECS475LabAssignment9Part3.Tests\CECS475LabAssignment9Part3.Tests.csproj", "{156BF005-09D9-4481-A3AD-EB22B68A62D4}"
EndProject
Global
	GlobalSection(SolutionConfigurationPlatforms) = preSolution
		Debug|Any CPU = Debug|Any CPU
		Release|Any CPU = Release|Any CPU
	EndGlobalSection
	GlobalSection(ProjectConfigurationPlatforms) = postSolution
		{A7EEFF2A-BC1F-4C2B-B6AC-4D7D52485013}.Debug|Any CPU.ActiveCfg = Debug|Any CPU
		{A7EEFF2A-BC1F-4C2B-B6AC-4D7D52485013}.Debug|Any CPU.Build.0 = Debug|Any CPU
		{A7EEFF2A-BC1F-4C2B-B6AC-4D7D52485013}.Release|Any CPU.ActiveCfg = Release|Any CPU
		{A7EEFF2A-BC1F-4C2B-B6AC-4D7D52485013}.Release|Any CPU.Build.0 = Release|Any CPU
		{156BF005-09D9-4481-A3AD-EB22B68A62D4}.Debug|Any CPU.ActiveCfg = Debug|Any CPU
		{156BF005-09D9-4481-A3AD-EB22B68A62D4}.Debug|Any CPU.Build.0 = Debug|Any CPU
		{156BF005-09D9-4481-A3AD-EB22B68A62D4}.Release|Any CPU.ActiveCfg = Release|Any CPU
		{156BF005-09D9-4481-A3AD-EB22B68A62D4}.Release|Any CPU.Build.0 = Release|Any CPU
	EndGlobalSection
	GlobalSection(SolutionProperties) = preSolution
		HideSolutionNode = FALSE
	EndGlobalSection
	GlobalSection(ExtensibilityGlobals) = postSolution
		SolutionGuid = {1812EF6D-846F-4154-B7A9-F45B7158CF12}
	EndGlobalSection
EndGlobal
